// !$*UTF8*$!
{
	archiveVersion = 1;
	classes = {
	};
	objectVersion = 46;
	objects = {

/* Begin PBXBuildFile section */
		A331ADB91F0A3B5F00CA50AC /* SignupViewController.swift in Sources */ = {isa = PBXBuildFile; fileRef = A331ADB81F0A3B5F00CA50AC /* SignupViewController.swift */; };
		A34FC1081F0CA6F1006BFA81 /* AccountViewController.swift in Sources */ = {isa = PBXBuildFile; fileRef = A34FC1071F0CA6F1006BFA81 /* AccountViewController.swift */; };
		A34FC10A1F0CC8AE006BFA81 /* ChangePassViewController.swift in Sources */ = {isa = PBXBuildFile; fileRef = A34FC1091F0CC8AE006BFA81 /* ChangePassViewController.swift */; };
		A36804B21F0B85490032BF49 /* RegisterController.swift in Sources */ = {isa = PBXBuildFile; fileRef = A36804B11F0B85490032BF49 /* RegisterController.swift */; };
		A3A343A51F09F8B600DC55FC /* AppDelegate.swift in Sources */ = {isa = PBXBuildFile; fileRef = A3A343A41F09F8B600DC55FC /* AppDelegate.swift */; };
		A3A343A71F09F8B600DC55FC /* ViewController.swift in Sources */ = {isa = PBXBuildFile; fileRef = A3A343A61F09F8B600DC55FC /* ViewController.swift */; };
		A3A343AA1F09F8B600DC55FC /* Main.storyboard in Resources */ = {isa = PBXBuildFile; fileRef = A3A343A81F09F8B600DC55FC /* Main.storyboard */; };
		A3A343AC1F09F8B700DC55FC /* Assets.xcassets in Resources */ = {isa = PBXBuildFile; fileRef = A3A343AB1F09F8B700DC55FC /* Assets.xcassets */; };
		A3A343AF1F09F8B700DC55FC /* LaunchScreen.storyboard in Resources */ = {isa = PBXBuildFile; fileRef = A3A343AD1F09F8B700DC55FC /* LaunchScreen.storyboard */; };
/* End PBXBuildFile section */

/* Begin PBXFileReference section */
		A331ADB81F0A3B5F00CA50AC /* SignupViewController.swift */ = {isa = PBXFileReference; fileEncoding = 4; lastKnownFileType = sourcecode.swift; path = SignupViewController.swift; sourceTree = "<group>"; };
		A34FC1071F0CA6F1006BFA81 /* AccountViewController.swift */ = {isa = PBXFileReference; fileEncoding = 4; lastKnownFileType = sourcecode.swift; path = AccountViewController.swift; sourceTree = "<group>"; };
		A34FC1091F0CC8AE006BFA81 /* ChangePassViewController.swift */ = {isa = PBXFileReference; fileEncoding = 4; lastKnownFileType = sourcecode.swift; path = ChangePassViewController.swift; sourceTree = "<group>"; };
		A36804B11F0B85490032BF49 /* RegisterController.swift */ = {isa = PBXFileReference; fileEncoding = 4; lastKnownFileType = sourcecode.swift; path = RegisterController.swift; sourceTree = "<group>"; };
		A3A343A11F09F8B500DC55FC /* happ.app */ = {isa = PBXFileReference; explicitFileType = wrapper.application; includeInIndex = 0; path = happ.app; sourceTree = BUILT_PRODUCTS_DIR; };
		A3A343A41F09F8B600DC55FC /* AppDelegate.swift */ = {isa = PBXFileReference; lastKnownFileType = sourcecode.swift; path = AppDelegate.swift; sourceTree = "<group>"; };
		A3A343A61F09F8B600DC55FC /* ViewController.swift */ = {isa = PBXFileReference; lastKnownFileType = sourcecode.swift; path = ViewController.swift; sourceTree = "<group>"; };
		A3A343A91F09F8B600DC55FC /* Base */ = {isa = PBXFileReference; lastKnownFileType = file.storyboard; name = Base; path = Base.lproj/Main.storyboard; sourceTree = "<group>"; };
		A3A343AB1F09F8B700DC55FC /* Assets.xcassets */ = {isa = PBXFileReference; lastKnownFileType = folder.assetcatalog; path = Assets.xcassets; sourceTree = "<group>"; };
		A3A343AE1F09F8B700DC55FC /* Base */ = {isa = PBXFileReference; lastKnownFileType = file.storyboard; name = Base; path = Base.lproj/LaunchScreen.storyboard; sourceTree = "<group>"; };
		A3A343B01F09F8B700DC55FC /* Info.plist */ = {isa = PBXFileReference; lastKnownFileType = text.plist.xml; path = Info.plist; sourceTree = "<group>"; };
/* End PBXFileReference section */

/* Begin PBXFrameworksBuildPhase section */
		A3A3439E1F09F8B500DC55FC /* Frameworks */ = {
			isa = PBXFrameworksBuildPhase;
			buildActionMask = 2147483647;
			files = (
			);
			runOnlyForDeploymentPostprocessing = 0;
		};
/* End PBXFrameworksBuildPhase section */

/* Begin PBXGroup section */
		A3A343981F09F8B400DC55FC = {
			isa = PBXGroup;
			children = (
				A3A343A31F09F8B600DC55FC /* happ */,
				A3A343A21F09F8B500DC55FC /* Products */,
			);
			sourceTree = "<group>";
		};
		A3A343A21F09F8B500DC55FC /* Products */ = {
			isa = PBXGroup;
			children = (
				A3A343A11F09F8B500DC55FC /* happ.app */,
			);
			name = Products;
			sourceTree = "<group>";
		};
		A3A343A31F09F8B600DC55FC /* happ */ = {
			isa = PBXGroup;
			children = (
				A3A343A41F09F8B600DC55FC /* AppDelegate.swift */,
				A3A343A61F09F8B600DC55FC /* ViewController.swift */,
				A3A343A81F09F8B600DC55FC /* Main.storyboard */,
				A3A343AB1F09F8B700DC55FC /* Assets.xcassets */,
				A3A343AD1F09F8B700DC55FC /* LaunchScreen.storyboard */,
				A3A343B01F09F8B700DC55FC /* Info.plist */,
				A331ADB81F0A3B5F00CA50AC /* SignupViewController.swift */,
				A36804B11F0B85490032BF49 /* RegisterController.swift */,
				A34FC1071F0CA6F1006BFA81 /* AccountViewController.swift */,
				A34FC1091F0CC8AE006BFA81 /* ChangePassViewController.swift */,
			);
			path = happ;
			sourceTree = "<group>";
		};
/* End PBXGroup section */

/* Begin PBXNativeTarget section */
		A3A343A01F09F8B500DC55FC /* happ */ = {
			isa = PBXNativeTarget;
			buildConfigurationList = A3A343B31F09F8B700DC55FC /* Build configuration list for PBXNativeTarget "happ" */;
			buildPhases = (
				A3A3439D1F09F8B500DC55FC /* Sources */,
				A3A3439E1F09F8B500DC55FC /* Frameworks */,
				A3A3439F1F09F8B500DC55FC /* Resources */,
			);
			buildRules = (
			);
			dependencies = (
			);
			name = happ;
			productName = happ;
			productReference = A3A343A11F09F8B500DC55FC /* happ.app */;
			productType = "com.apple.product-type.application";
		};
/* End PBXNativeTarget section */

/* Begin PBXProject section */
		A3A343991F09F8B400DC55FC /* Project object */ = {
			isa = PBXProject;
			attributes = {
				LastSwiftUpdateCheck = 0710;
				LastUpgradeCheck = 0710;
				ORGANIZATIONNAME = "H-FUKUOKA";
				TargetAttributes = {
					A3A343A01F09F8B500DC55FC = {
						CreatedOnToolsVersion = 7.1;
					};
				};
			};
			buildConfigurationList = A3A3439C1F09F8B400DC55FC /* Build configuration list for PBXProject "happ" */;
			compatibilityVersion = "Xcode 3.2";
			developmentRegion = English;
			hasScannedForEncodings = 0;
			knownRegions = (
				en,
				Base,
			);
			mainGroup = A3A343981F09F8B400DC55FC;
			productRefGroup = A3A343A21F09F8B500DC55FC /* Products */;
			projectDirPath = "";
			projectRoot = "";
			targets = (
				A3A343A01F09F8B500DC55FC /* happ */,
			);
		};
/* End PBXProject section */

/* Begin PBXResourcesBuildPhase section */
		A3A3439F1F09F8B500DC55FC /* Resources */ = {
			isa = PBXResourcesBuildPhase;
			buildActionMask = 2147483647;
			files = (
				A3A343AF1F09F8B700DC55FC /* LaunchScreen.storyboard in Resources */,
				A3A343AC1F09F8B700DC55FC /* Assets.xcassets in Resources */,
				A3A343AA1F09F8B600DC55FC /* Main.storyboard in Resources */,
			);
			runOnlyForDeploymentPostprocessing = 0;
		};
/* End PBXResourcesBuildPhase section */

/* Begin PBXSourcesBuildPhase section */
		A3A3439D1F09F8B500DC55FC /* Sources */ = {
			isa = PBXSourcesBuildPhase;
			buildActionMask = 2147483647;
			files = (
				A36804B21F0B85490032BF49 /* RegisterController.swift in Sources */,
				A34FC1081F0CA6F1006BFA81 /* AccountViewController.swift in Sources */,
				A331ADB91F0A3B5F00CA50AC /* SignupViewController.swift in Sources */,
				A34FC10A1F0CC8AE006BFA81 /* ChangePassViewController.swift in Sources */,
				A3A343A71F09F8B600DC55FC /* ViewController.swift in Sources */,
				A3A343A51F09F8B600DC55FC /* AppDelegate.swift in Sources */,
			);
			runOnlyForDeploymentPostprocessing = 0;
		};
/* End PBXSourcesBuildPhase section */

/* Begin PBXVariantGroup section */
		A3A343A81F09F8B600DC55FC /* Main.storyboard */ = {
			isa = PBXVariantGroup;
			children = (
				A3A343A91F09F8B600DC55FC /* Base */,
			);
			name = Main.storyboard;
			sourceTree = "<group>";
		};
		A3A343AD1F09F8B700DC55FC /* LaunchScreen.storyboard */ = {
			isa = PBXVariantGroup;
			children = (
				A3A343AE1F09F8B700DC55FC /* Base */,
			);
			name = LaunchScreen.storyboard;
			sourceTree = "<group>";
		};
/* End PBXVariantGroup section */

/* Begin XCBuildConfiguration section */
		A3A343B11F09F8B700DC55FC /* Debug */ = {
			isa = XCBuildConfiguration;
			buildSettings = {
				ALWAYS_SEARCH_USER_PATHS = NO;
				CLANG_CXX_LANGUAGE_STANDARD = "gnu++0x";
				CLANG_CXX_LIBRARY = "libc++";
				CLANG_ENABLE_MODULES = YES;
				CLANG_ENABLE_OBJC_ARC = YES;
				CLANG_WARN_BOOL_CONVERSION = YES;
				CLANG_WARN_CONSTANT_CONVERSION = YES;
				CLANG_WARN_DIRECT_OBJC_ISA_USAGE = YES_ERROR;
				CLANG_WARN_EMPTY_BODY = YES;
				CLANG_WARN_ENUM_CONVERSION = YES;
				CLANG_WARN_INT_CONVERSION = YES;
				CLANG_WARN_OBJC_ROOT_CLASS = YES_ERROR;
				CLANG_WARN_UNREACHABLE_CODE = YES;
				CLANG_WARN__DUPLICATE_METHOD_MATCH = YES;
				"CODE_SIGN_IDENTITY[sdk=iphoneos*]" = "iPhone Developer";
				COPY_PHASE_STRIP = NO;
				DEBUG_INFORMATION_FORMAT = dwarf;
				ENABLE_STRICT_OBJC_MSGSEND = YES;
				ENABLE_TESTABILITY = YES;
				GCC_C_LANGUAGE_STANDARD = gnu99;
				GCC_DYNAMIC_NO_PIC = NO;
				GCC_NO_COMMON_BLOCKS = YES;
				GCC_OPTIMIZATION_LEVEL = 0;
				GCC_PREPROCESSOR_DEFINITIONS = (
					"DEBUG=1",
					"$(inherited)",
				);
				GCC_WARN_64_TO_32_BIT_CONVERSION = YES;
				GCC_WARN_ABOUT_RETURN_TYPE = YES_ERROR;
				GCC_WARN_UNDECLARED_SELECTOR = YES;
				GCC_WARN_UNINITIALIZED_AUTOS = YES_AGGRESSIVE;
				GCC_WARN_UNUSED_FUNCTION = YES;
				GCC_WARN_UNUSED_VARIABLE = YES;
				IPHONEOS_DEPLOYMENT_TARGET = 9.1;
				MTL_ENABLE_DEBUG_INFO = YES;
				ONLY_ACTIVE_ARCH = YES;
				SDKROOT = iphoneos;
				SWIFT_OPTIMIZATION_LEVEL = "-Onone";
			};
			name = Debug;
		};
		A3A343B21F09F8B700DC55FC /* Release */ = {
			isa = XCBuildConfiguration;
			buildSettings = {
				ALWAYS_SEARCH_USER_PATHS = NO;
				CLANG_CXX_LANGUAGE_STANDARD = "gnu++0x";
				CLANG_CXX_LIBRARY = "libc++";
				CLANG_ENABLE_MODULES = YES;
				CLANG_ENABLE_OBJC_ARC = YES;
				CLANG_WARN_BOOL_CONVERSION = YES;
				CLANG_WARN_CONSTANT_CONVERSION = YES;
				CLANG_WARN_DIRECT_OBJC_ISA_USAGE = YES_ERROR;
				CLANG_WARN_EMPTY_BODY = YES;
				CLANG_WARN_ENUM_CONVERSION = YES;
				CLANG_WARN_INT_CONVERSION = YES;
				CLANG_WARN_OBJC_ROOT_CLASS = YES_ERROR;
				CLANG_WARN_UNREACHABLE_CODE = YES;
				CLANG_WARN__DUPLICATE_METHOD_MATCH = YES;
				"CODE_SIGN_IDENTITY[sdk=iphoneos*]" = "iPhone Developer";
				COPY_PHASE_STRIP = NO;
				DEBUG_INFORMATION_FORMAT = "dwarf-with-dsym";
				ENABLE_NS_ASSERTIONS = NO;
				ENABLE_STRICT_OBJC_MSGSEND = YES;
				GCC_C_LANGUAGE_STANDARD = gnu99;
				GCC_NO_COMMON_BLOCKS = YES;
				GCC_WARN_64_TO_32_BIT_CONVERSION = YES;
				GCC_WARN_ABOUT_RETURN_TYPE = YES_ERROR;
				GCC_WARN_UNDECLARED_SELECTOR = YES;
				GCC_WARN_UNINITIALIZED_AUTOS = YES_AGGRESSIVE;
				GCC_WARN_UNUSED_FUNCTION = YES;
				GCC_WARN_UNUSED_VARIABLE = YES;
				IPHONEOS_DEPLOYMENT_TARGET = 9.1;
				MTL_ENABLE_DEBUG_INFO = NO;
				SDKROOT = iphoneos;
				VALIDATE_PRODUCT = YES;
			};
			name = Release;
		};
		A3A343B41F09F8B700DC55FC /* Debug */ = {
			isa = XCBuildConfiguration;
			buildSettings = {
				ASSETCATALOG_COMPILER_APPICON_NAME = AppIcon;
				INFOPLIST_FILE = happ/Info.plist;
				LD_RUNPATH_SEARCH_PATHS = "$(inherited) @executable_path/Frameworks";
				PRODUCT_BUNDLE_IDENTIFIER = happ.jp.net.happ;
				PRODUCT_NAME = "$(TARGET_NAME)";
			};
			name = Debug;
		};
		A3A343B51F09F8B700DC55FC /* Release */ = {
			isa = XCBuildConfiguration;
			buildSettings = {
				ASSETCATALOG_COMPILER_APPICON_NAME = AppIcon;
				INFOPLIST_FILE = happ/Info.plist;
				LD_RUNPATH_SEARCH_PATHS = "$(inherited) @executable_path/Frameworks";
				PRODUCT_BUNDLE_IDENTIFIER = happ.jp.net.happ;
				PRODUCT_NAME = "$(TARGET_NAME)";
			};
			name = Release;
		};
/* End XCBuildConfiguration section */

/* Begin XCConfigurationList section */
		A3A3439C1F09F8B400DC55FC /* Build configuration list for PBXProject "happ" */ = {
			isa = XCConfigurationList;
			buildConfigurations = (
				A3A343B11F09F8B700DC55FC /* Debug */,
				A3A343B21F09F8B700DC55FC /* Release */,
			);
			defaultConfigurationIsVisible = 0;
			defaultConfigurationName = Release;
		};
		A3A343B31F09F8B700DC55FC /* Build configuration list for PBXNativeTarget "happ" */ = {
			isa = XCConfigurationList;
			buildConfigurations = (
				A3A343B41F09F8B700DC55FC /* Debug */,
				A3A343B51F09F8B700DC55FC /* Release */,
			);
			defaultConfigurationIsVisible = 0;
			defaultConfigurationName = Release;
		};
/* End XCConfigurationList section */
	};
	rootObject = A3A343991F09F8B400DC55FC /* Project object */;
}
